
Microsoft Visual Studio Solution File, Format Version 12.00
# Visual Studio Version 16
VisualStudioVersion = 16.0.30717.126
MinimumVisualStudioVersion = 10.0.40219.1
Project("{2150E333-8FDC-42A3-9474-1A3956D46DE8}") = "WorkoutManagement", "WorkoutManagement", "{A96E9498-03F4-407E-B24A-6679C9A12329}"
EndProject
Project("{2150E333-8FDC-42A3-9474-1A3956D46DE8}") = "Mobile", "Mobile", "{D2E8B2BC-85E8-463A-8ACE-581C2F8600CB}"
EndProject
Project("{FAE04EC0-301F-11D3-BF4B-00C04F79EFBC}") = "SV.Builder.Mobile.Android", "SV.Builder.Mobile\SV.Builder.Mobile.Android\SV.Builder.Mobile.Android.csproj", "{B2D0FB4D-79B1-4E1F-86CA-9DEC0237D963}"
EndProject
Project("{FAE04EC0-301F-11D3-BF4B-00C04F79EFBC}") = "SV.Builder.Mobile.iOS", "SV.Builder.Mobile\SV.Builder.Mobile.iOS\SV.Builder.Mobile.iOS.csproj", "{ADCFEADE-E8F0-452D-8F82-C5CC76A512DC}"
EndProject
Project("{9A19103F-16F7-4668-BE54-9A1E7A4F7556}") = "SV.Builder.Mobile", "SV.Builder.Mobile\SV.Builder.Mobile\SV.Builder.Mobile.csproj", "{56AF0F49-9BE8-4439-822F-93173BC91A7A}"
EndProject
Project("{9A19103F-16F7-4668-BE54-9A1E7A4F7556}") = "SV.Builder.Mobile.Views", "SV.Builder.Mobile.Pages\SV.Builder.Mobile.Views.csproj", "{4CB44803-41E8-433D-9AFE-33C4C06894EC}"
EndProject
Project("{9A19103F-16F7-4668-BE54-9A1E7A4F7556}") = "SV.Builder.Mobile.ViewModels", "SV.Builder.Mobile.ViewModels\SV.Builder.Mobile.ViewModels.csproj", "{9116B538-FAAE-4176-B518-E91849F1DEE7}"
EndProject
Project("{9A19103F-16F7-4668-BE54-9A1E7A4F7556}") = "SV.Builder.Mobile.Common", "SV.Builder.Mobile.Common\SV.Builder.Mobile.Common.csproj", "{2ECB2AC1-95FE-461A-BDDB-CDC9AB229F58}"
EndProject
Project("{FAE04EC0-301F-11D3-BF4B-00C04F79EFBC}") = "SV.Builder.Core", "SV.WorkoutBuilder.Core\SV.Builder.Core.csproj", "{58DCEE84-8C04-497A-BB98-B9DC72FA05F0}"
EndProject
Project("{FAE04EC0-301F-11D3-BF4B-00C04F79EFBC}") = "SV.Builder.Core.Tests", "SV.WorkoutBuilder.Core.Tests\SV.Builder.Core.Tests.csproj", "{BBD1F58E-AE2A-469D-BD38-378A26F58D6C}"
EndProject
Global
	GlobalSection(SolutionConfigurationPlatforms) = preSolution
		Debug|Any CPU = Debug|Any CPU
		Debug|iPhone = Debug|iPhone
		Debug|iPhoneSimulator = Debug|iPhoneSimulator
		Release|Any CPU = Release|Any CPU
		Release|iPhone = Release|iPhone
		Release|iPhoneSimulator = Release|iPhoneSimulator
	EndGlobalSection
	GlobalSection(ProjectConfigurationPlatforms) = postSolution
		{B2D0FB4D-79B1-4E1F-86CA-9DEC0237D963}.Debug|Any CPU.ActiveCfg = Debug|Any CPU
		{B2D0FB4D-79B1-4E1F-86CA-9DEC0237D963}.Debug|Any CPU.Build.0 = Debug|Any CPU
		{B2D0FB4D-79B1-4E1F-86CA-9DEC0237D963}.Debug|Any CPU.Deploy.0 = Debug|Any CPU
		{B2D0FB4D-79B1-4E1F-86CA-9DEC0237D963}.Debug|iPhone.ActiveCfg = Debug|Any CPU
		{B2D0FB4D-79B1-4E1F-86CA-9DEC0237D963}.Debug|iPhone.Build.0 = Debug|Any CPU
		{B2D0FB4D-79B1-4E1F-86CA-9DEC0237D963}.Debug|iPhone.Deploy.0 = Debug|Any CPU
		{B2D0FB4D-79B1-4E1F-86CA-9DEC0237D963}.Debug|iPhoneSimulator.ActiveCfg = Debug|Any CPU
		{B2D0FB4D-79B1-4E1F-86CA-9DEC0237D963}.Debug|iPhoneSimulator.Build.0 = Debug|Any CPU
		{B2D0FB4D-79B1-4E1F-86CA-9DEC0237D963}.Debug|iPhoneSimulator.Deploy.0 = Debug|Any CPU
		{B2D0FB4D-79B1-4E1F-86CA-9DEC0237D963}.Release|Any CPU.ActiveCfg = Release|Any CPU
		{B2D0FB4D-79B1-4E1F-86CA-9DEC0237D963}.Release|Any CPU.Build.0 = Release|Any CPU
		{B2D0FB4D-79B1-4E1F-86CA-9DEC0237D963}.Release|Any CPU.Deploy.0 = Release|Any CPU
		{B2D0FB4D-79B1-4E1F-86CA-9DEC0237D963}.Release|iPhone.ActiveCfg = Release|Any CPU
		{B2D0FB4D-79B1-4E1F-86CA-9DEC0237D963}.Release|iPhone.Build.0 = Release|Any CPU
		{B2D0FB4D-79B1-4E1F-86CA-9DEC0237D963}.Release|iPhone.Deploy.0 = Release|Any CPU
		{B2D0FB4D-79B1-4E1F-86CA-9DEC0237D963}.Release|iPhoneSimulator.ActiveCfg = Release|Any CPU
		{B2D0FB4D-79B1-4E1F-86CA-9DEC0237D963}.Release|iPhoneSimulator.Build.0 = Release|Any CPU
		{B2D0FB4D-79B1-4E1F-86CA-9DEC0237D963}.Release|iPhoneSimulator.Deploy.0 = Release|Any CPU
		{ADCFEADE-E8F0-452D-8F82-C5CC76A512DC}.Debug|Any CPU.ActiveCfg = Debug|iPhoneSimulator
		{ADCFEADE-E8F0-452D-8F82-C5CC76A512DC}.Debug|iPhone.ActiveCfg = Debug|iPhone
		{ADCFEADE-E8F0-452D-8F82-C5CC76A512DC}.Debug|iPhone.Build.0 = Debug|iPhone
		{ADCFEADE-E8F0-452D-8F82-C5CC76A512DC}.Debug|iPhoneSimulator.ActiveCfg = Debug|iPhoneSimulator
		{ADCFEADE-E8F0-452D-8F82-C5CC76A512DC}.Debug|iPhoneSimulator.Build.0 = Debug|iPhoneSimulator
		{ADCFEADE-E8F0-452D-8F82-C5CC76A512DC}.Release|Any CPU.ActiveCfg = Release|iPhoneSimulator
		{ADCFEADE-E8F0-452D-8F82-C5CC76A512DC}.Release|iPhone.ActiveCfg = Release|iPhone
		{ADCFEADE-E8F0-452D-8F82-C5CC76A512DC}.Release|iPhone.Build.0 = Release|iPhone
		{ADCFEADE-E8F0-452D-8F82-C5CC76A512DC}.Release|iPhoneSimulator.ActiveCfg = Release|iPhoneSimulator
		{ADCFEADE-E8F0-452D-8F82-C5CC76A512DC}.Release|iPhoneSimulator.Build.0 = Release|iPhoneSimulator
		{56AF0F49-9BE8-4439-822F-93173BC91A7A}.Debug|Any CPU.ActiveCfg = Debug|Any CPU
		{56AF0F49-9BE8-4439-822F-93173BC91A7A}.Debug|Any CPU.Build.0 = Debug|Any CPU
		{56AF0F49-9BE8-4439-822F-93173BC91A7A}.Debug|iPhone.ActiveCfg = Debug|Any CPU
		{56AF0F49-9BE8-4439-822F-93173BC91A7A}.Debug|iPhone.Build.0 = Debug|Any CPU
		{56AF0F49-9BE8-4439-822F-93173BC91A7A}.Debug|iPhoneSimulator.ActiveCfg = Debug|Any CPU
		{56AF0F49-9BE8-4439-822F-93173BC91A7A}.Debug|iPhoneSimulator.Build.0 = Debug|Any CPU
		{56AF0F49-9BE8-4439-822F-93173BC91A7A}.Release|Any CPU.ActiveCfg = Release|Any CPU
		{56AF0F49-9BE8-4439-822F-93173BC91A7A}.Release|Any CPU.Build.0 = Release|Any CPU
		{56AF0F49-9BE8-4439-822F-93173BC91A7A}.Release|iPhone.ActiveCfg = Release|Any CPU
		{56AF0F49-9BE8-4439-822F-93173BC91A7A}.Release|iPhone.Build.0 = Release|Any CPU
		{56AF0F49-9BE8-4439-822F-93173BC91A7A}.Release|iPhoneSimulator.ActiveCfg = Release|Any CPU
		{56AF0F49-9BE8-4439-822F-93173BC91A7A}.Release|iPhoneSimulator.Build.0 = Release|Any CPU
		{4CB44803-41E8-433D-9AFE-33C4C06894EC}.Debug|Any CPU.ActiveCfg = Debug|Any CPU
		{4CB44803-41E8-433D-9AFE-33C4C06894EC}.Debug|Any CPU.Build.0 = Debug|Any CPU
		{4CB44803-41E8-433D-9AFE-33C4C06894EC}.Debug|iPhone.ActiveCfg = Debug|Any CPU
		{4CB44803-41E8-433D-9AFE-33C4C06894EC}.Debug|iPhone.Build.0 = Debug|Any CPU
		{4CB44803-41E8-433D-9AFE-33C4C06894EC}.Debug|iPhoneSimulator.ActiveCfg = Debug|Any CPU
		{4CB44803-41E8-433D-9AFE-33C4C06894EC}.Debug|iPhoneSimulator.Build.0 = Debug|Any CPU
		{4CB44803-41E8-433D-9AFE-33C4C06894EC}.Release|Any CPU.ActiveCfg = Release|Any CPU
		{4CB44803-41E8-433D-9AFE-33C4C06894EC}.Release|Any CPU.Build.0 = Release|Any CPU
		{4CB44803-41E8-433D-9AFE-33C4C06894EC}.Release|iPhone.ActiveCfg = Release|Any CPU
		{4CB44803-41E8-433D-9AFE-33C4C06894EC}.Release|iPhone.Build.0 = Release|Any CPU
		{4CB44803-41E8-433D-9AFE-33C4C06894EC}.Release|iPhoneSimulator.ActiveCfg = Release|Any CPU
		{4CB44803-41E8-433D-9AFE-33C4C06894EC}.Release|iPhoneSimulator.Build.0 = Release|Any CPU
		{9116B538-FAAE-4176-B518-E91849F1DEE7}.Debug|Any CPU.ActiveCfg = Debug|Any CPU
		{9116B538-FAAE-4176-B518-E91849F1DEE7}.Debug|Any CPU.Build.0 = Debug|Any CPU
		{9116B538-FAAE-4176-B518-E91849F1DEE7}.Debug|iPhone.ActiveCfg = Debug|Any CPU
		{9116B538-FAAE-4176-B518-E91849F1DEE7}.Debug|iPhone.Build.0 = Debug|Any CPU
		{9116B538-FAAE-4176-B518-E91849F1DEE7}.Debug|iPhoneSimulator.ActiveCfg = Debug|Any CPU
		{9116B538-FAAE-4176-B518-E91849F1DEE7}.Debug|iPhoneSimulator.Build.0 = Debug|Any CPU
		{9116B538-FAAE-4176-B518-E91849F1DEE7}.Release|Any CPU.ActiveCfg = Release|Any CPU
		{9116B538-FAAE-4176-B518-E91849F1DEE7}.Release|Any CPU.Build.0 = Release|Any CPU
		{9116B538-FAAE-4176-B518-E91849F1DEE7}.Release|iPhone.ActiveCfg = Release|Any CPU
		{9116B538-FAAE-4176-B518-E91849F1DEE7}.Release|iPhone.Build.0 = Release|Any CPU
		{9116B538-FAAE-4176-B518-E91849F1DEE7}.Release|iPhoneSimulator.ActiveCfg = Release|Any CPU
		{9116B538-FAAE-4176-B518-E91849F1DEE7}.Release|iPhoneSimulator.Build.0 = Release|Any CPU
		{2ECB2AC1-95FE-461A-BDDB-CDC9AB229F58}.Debug|Any CPU.ActiveCfg = Debug|Any CPU
		{2ECB2AC1-95FE-461A-BDDB-CDC9AB229F58}.Debug|Any CPU.Build.0 = Debug|Any CPU
		{2ECB2AC1-95FE-461A-BDDB-CDC9AB229F58}.Debug|iPhone.ActiveCfg = Debug|Any CPU
		{2ECB2AC1-95FE-461A-BDDB-CDC9AB229F58}.Debug|iPhone.Build.0 = Debug|Any CPU
		{2ECB2AC1-95FE-461A-BDDB-CDC9AB229F58}.Debug|iPhoneSimulator.ActiveCfg = Debug|Any CPU
		{2ECB2AC1-95FE-461A-BDDB-CDC9AB229F58}.Debug|iPhoneSimulator.Build.0 = Debug|Any CPU
		{2ECB2AC1-95FE-461A-BDDB-CDC9AB229F58}.Release|Any CPU.ActiveCfg = Release|Any CPU
		{2ECB2AC1-95FE-461A-BDDB-CDC9AB229F58}.Release|Any CPU.Build.0 = Release|Any CPU
		{2ECB2AC1-95FE-461A-BDDB-CDC9AB229F58}.Release|iPhone.ActiveCfg = Release|Any CPU
		{2ECB2AC1-95FE-461A-BDDB-CDC9AB229F58}.Release|iPhone.Build.0 = Release|Any CPU
		{2ECB2AC1-95FE-461A-BDDB-CDC9AB229F58}.Release|iPhoneSimulator.ActiveCfg = Release|Any CPU
		{2ECB2AC1-95FE-461A-BDDB-CDC9AB229F58}.Release|iPhoneSimulator.Build.0 = Release|Any CPU
		{58DCEE84-8C04-497A-BB98-B9DC72FA05F0}.Debug|Any CPU.ActiveCfg = Debug|Any CPU
		{58DCEE84-8C04-497A-BB98-B9DC72FA05F0}.Debug|Any CPU.Build.0 = Debug|Any CPU
		{58DCEE84-8C04-497A-BB98-B9DC72FA05F0}.Debug|iPhone.ActiveCfg = Debug|Any CPU
		{58DCEE84-8C04-497A-BB98-B9DC72FA05F0}.Debug|iPhone.Build.0 = Debug|Any CPU
		{58DCEE84-8C04-497A-BB98-B9DC72FA05F0}.Debug|iPhoneSimulator.ActiveCfg = Debug|Any CPU
		{58DCEE84-8C04-497A-BB98-B9DC72FA05F0}.Debug|iPhoneSimulator.Build.0 = Debug|Any CPU
		{58DCEE84-8C04-497A-BB98-B9DC72FA05F0}.Release|Any CPU.ActiveCfg = Release|Any CPU
		{58DCEE84-8C04-497A-BB98-B9DC72FA05F0}.Release|Any CPU.Build.0 = Release|Any CPU
		{58DCEE84-8C04-497A-BB98-B9DC72FA05F0}.Release|iPhone.ActiveCfg = Release|Any CPU
		{58DCEE84-8C04-497A-BB98-B9DC72FA05F0}.Release|iPhone.Build.0 = Release|Any CPU
		{58DCEE84-8C04-497A-BB98-B9DC72FA05F0}.Release|iPhoneSimulator.ActiveCfg = Release|Any CPU
		{58DCEE84-8C04-497A-BB98-B9DC72FA05F0}.Release|iPhoneSimulator.Build.0 = Release|Any CPU
		{BBD1F58E-AE2A-469D-BD38-378A26F58D6C}.Debug|Any CPU.ActiveCfg = Debug|Any CPU
		{BBD1F58E-AE2A-469D-BD38-378A26F58D6C}.Debug|Any CPU.Build.0 = Debug|Any CPU
		{BBD1F58E-AE2A-469D-BD38-378A26F58D6C}.Debug|iPhone.ActiveCfg = Debug|Any CPU
		{BBD1F58E-AE2A-469D-BD38-378A26F58D6C}.Debug|iPhone.Build.0 = Debug|Any CPU
		{BBD1F58E-AE2A-469D-BD38-378A26F58D6C}.Debug|iPhoneSimulator.ActiveCfg = Debug|Any CPU
		{BBD1F58E-AE2A-469D-BD38-378A26F58D6C}.Debug|iPhoneSimulator.Build.0 = Debug|Any CPU
		{BBD1F58E-AE2A-469D-BD38-378A26F58D6C}.Release|Any CPU.ActiveCfg = Release|Any CPU
		{BBD1F58E-AE2A-469D-BD38-378A26F58D6C}.Release|Any CPU.Build.0 = Release|Any CPU
		{BBD1F58E-AE2A-469D-BD38-378A26F58D6C}.Release|iPhone.ActiveCfg = Release|Any CPU
		{BBD1F58E-AE2A-469D-BD38-378A26F58D6C}.Release|iPhone.Build.0 = Release|Any CPU
		{BBD1F58E-AE2A-469D-BD38-378A26F58D6C}.Release|iPhoneSimulator.ActiveCfg = Release|Any CPU
		{BBD1F58E-AE2A-469D-BD38-378A26F58D6C}.Release|iPhoneSimulator.Build.0 = Release|Any CPU
	EndGlobalSection
	GlobalSection(SolutionProperties) = preSolution
		HideSolutionNode = FALSE
	EndGlobalSection
	GlobalSection(NestedProjects) = preSolution
		{B2D0FB4D-79B1-4E1F-86CA-9DEC0237D963} = {D2E8B2BC-85E8-463A-8ACE-581C2F8600CB}
		{ADCFEADE-E8F0-452D-8F82-C5CC76A512DC} = {D2E8B2BC-85E8-463A-8ACE-581C2F8600CB}
		{56AF0F49-9BE8-4439-822F-93173BC91A7A} = {D2E8B2BC-85E8-463A-8ACE-581C2F8600CB}
		{4CB44803-41E8-433D-9AFE-33C4C06894EC} = {D2E8B2BC-85E8-463A-8ACE-581C2F8600CB}
		{9116B538-FAAE-4176-B518-E91849F1DEE7} = {D2E8B2BC-85E8-463A-8ACE-581C2F8600CB}
		{2ECB2AC1-95FE-461A-BDDB-CDC9AB229F58} = {D2E8B2BC-85E8-463A-8ACE-581C2F8600CB}
		{58DCEE84-8C04-497A-BB98-B9DC72FA05F0} = {A96E9498-03F4-407E-B24A-6679C9A12329}
		{BBD1F58E-AE2A-469D-BD38-378A26F58D6C} = {A96E9498-03F4-407E-B24A-6679C9A12329}
	EndGlobalSection
	GlobalSection(ExtensibilityGlobals) = postSolution
		SolutionGuid = {A3D52703-4667-40F0-BCA6-A65D53D59ADE}
	EndGlobalSection
EndGlobal
